# THIS IS AN AUTOGENERATED FILE. DO NOT EDIT THIS FILE DIRECTLY.
# yarn lockfile v1


bluebird@^3.3.4:
  version "3.5.0"
  resolved "https://registry.yarnpkg.com/bluebird/-/bluebird-3.5.0.tgz#791420d7f551eea2897453a8a77653f96606d67c"

browser-serialport@^2.0.2:
  version "2.1.0"
  resolved "https://registry.yarnpkg.com/browser-serialport/-/browser-serialport-2.1.0.tgz#fb84077e84b9bbbb84935aae1fcac9ce6105dc7f"

sphero@^0.9.2:
  version "0.9.2"
  resolved "https://registry.yarnpkg.com/sphero/-/sphero-0.9.2.tgz#b3331a9836937326c78fb728a709fbecf7eb1084"
  dependencies:
    bluebird "^3.3.4"
    browser-serialport "^2.0.2"
